
Microsoft Visual Studio Solution File, Format Version 11.00
# Visual Studio 2010
Project("{FAE04EC0-301F-11D3-BF4B-00C04F79EFBC}") = "QuickTestMD", "QuickTestMD\QuickTestMD.csproj", "{3024504E-C68F-4DDA-8CE5-A95B4E3369A0}"
EndProject
Global
	GlobalSection(SolutionConfigurationPlatforms) = preSolution
		Debug|Any CPU = Debug|Any CPU
		Release|Any CPU = Release|Any CPU
	EndGlobalSection
	GlobalSection(ProjectConfigurationPlatforms) = postSolution
		{3024504E-C68F-4DDA-8CE5-A95B4E3369A0}.Debug|Any CPU.ActiveCfg = Debug|Any CPU
		{3024504E-C68F-4DDA-8CE5-A95B4E3369A0}.Debug|Any CPU.Build.0 = Debug|Any CPU
		{3024504E-C68F-4DDA-8CE5-A95B4E3369A0}.Release|Any CPU.ActiveCfg = Release|Any CPU
		{3024504E-C68F-4DDA-8CE5-A95B4E3369A0}.Release|Any CPU.Build.0 = Release|Any CPU
	EndGlobalSection
	GlobalSection(MonoDevelopProperties) = preSolution
		StartupItem = QuickTestMD\QuickTestMD.csproj
	EndGlobalSection
EndGlobal
